
Microsoft Visual Studio Solution File, Format Version 12.00
# Visual Studio Version 16
VisualStudioVersion = 16.0.31624.102
MinimumVisualStudioVersion = 10.0.40219.1
Project("{FAE04EC0-301F-11D3-BF4B-00C04F79EFBC}") = "LINQ_och_Lambda", "LINQ_och_Lambda\LINQ_och_Lambda.csproj", "{88CF1624-75C6-445A-BA89-5800E5374BB9}"
EndProject
Global
	GlobalSection(SolutionConfigurationPlatforms) = preSolution
		Debug|Any CPU = Debug|Any CPU
		Release|Any CPU = Release|Any CPU
	EndGlobalSection
	GlobalSection(ProjectConfigurationPlatforms) = postSolution
		{88CF1624-75C6-445A-BA89-5800E5374BB9}.Debug|Any CPU.ActiveCfg = Debug|Any CPU
		{88CF1624-75C6-445A-BA89-5800E5374BB9}.Debug|Any CPU.Build.0 = Debug|Any CPU
		{88CF1624-75C6-445A-BA89-5800E5374BB9}.Release|Any CPU.ActiveCfg = Release|Any CPU
		{88CF1624-75C6-445A-BA89-5800E5374BB9}.Release|Any CPU.Build.0 = Release|Any CPU
	EndGlobalSection
	GlobalSection(SolutionProperties) = preSolution
		HideSolutionNode = FALSE
	EndGlobalSection
	GlobalSection(ExtensibilityGlobals) = postSolution
		SolutionGuid = {9D52C393-A7D1-494D-9BA7-7D0483E2615A}
	EndGlobalSection
EndGlobal
